
Microsoft Visual Studio Solution File, Format Version 12.00
# Visual Studio Version 16
VisualStudioVersion = 16.0.33927.289
MinimumVisualStudioVersion = 10.0.40219.1
Project("{2150E333-8FDC-42A3-9474-1A3956D46DE8}") = "Task1", "Task1", "{C081991F-4EAD-41BE-9665-6F52B538738C}"
EndProject
Project("{FAE04EC0-301F-11D3-BF4B-00C04F79EFBC}") = "Tyuiu.DevjatkovaAA.Sprint3.Task1.V28", "Tyuiu.DevjatkovaAA.Sprint3.Task1.V28\Tyuiu.DevjatkovaAA.Sprint3.Task1.V28.csproj", "{1170CDBD-A113-4D44-B408-D440C0D23746}"
EndProject
Project("{FAE04EC0-301F-11D3-BF4B-00C04F79EFBC}") = "Tyuiu.DevjatkovaAA.Sprint3.Task1.V28.Lib", "Tyuiu.DevjatkovaAA.Sprint3.Task1.V28.Lib\Tyuiu.DevjatkovaAA.Sprint3.Task1.V28.Lib.csproj", "{8652F067-060F-4971-AB43-702FCF005A2D}"
EndProject
Project("{FAE04EC0-301F-11D3-BF4B-00C04F79EFBC}") = "Tyuiu.DevjatkovaAA.Sprint3.Task1.V28.Test", "Tyuiu.DevjatkovaAA.Sprint3.Task1.V28.Test\Tyuiu.DevjatkovaAA.Sprint3.Task1.V28.Test.csproj", "{00852EA1-0628-424D-BD3B-9708677AF12A}"
EndProject
Project("{2150E333-8FDC-42A3-9474-1A3956D46DE8}") = "Task2", "Task2", "{B5A2CD6E-DB57-480E-B7CC-6328D98FC3D8}"
EndProject
Project("{FAE04EC0-301F-11D3-BF4B-00C04F79EFBC}") = "Tyuiu.DevjatkovaAA.Sprint3.Task2.V1", "Tyuiu.DevjatkovaAA.Sprint3.Task2.V1\Tyuiu.DevjatkovaAA.Sprint3.Task2.V1.csproj", "{5BB2FF83-1771-408D-A086-27DABC47ED02}"
EndProject
Project("{FAE04EC0-301F-11D3-BF4B-00C04F79EFBC}") = "Tyuiu.DevjatkovaAA.Sprint3.Task2.V1.Lib", "Tyuiu.DevjatkovaAA.Sprint3.Task2.V1.Lib\Tyuiu.DevjatkovaAA.Sprint3.Task2.V1.Lib.csproj", "{81690901-5E08-476E-9014-5E7FAFDC8C32}"
EndProject
Project("{FAE04EC0-301F-11D3-BF4B-00C04F79EFBC}") = "Tyuiu.DevjatkovaAA.Sprint3.Task2.V1.Test", "Tyuiu.DevjatkovaAA.Sprint3.Task2.V1.Test\Tyuiu.DevjatkovaAA.Sprint3.Task2.V1.Test.csproj", "{FF1FCAB4-A147-4453-B37C-0581A9D2F475}"
EndProject
Project("{2150E333-8FDC-42A3-9474-1A3956D46DE8}") = "Task3", "Task3", "{FE9C25D3-5883-45C0-92A8-D6BC0667BF65}"
EndProject
Project("{FAE04EC0-301F-11D3-BF4B-00C04F79EFBC}") = "Tyuiu.DevjatkovaAA.Sprint3.Task3.V16", "Tyuiu.DevjatkovaAA.Sprint3.Task3.V16\Tyuiu.DevjatkovaAA.Sprint3.Task3.V16.csproj", "{15BF78C7-ED25-4284-90AB-4BDF5CB096B3}"
EndProject
Project("{FAE04EC0-301F-11D3-BF4B-00C04F79EFBC}") = "Tyuiu.DevjatkovaAA.Sprint3.Task3.V16.Lib", "Tyuiu.DevjatkovaAA.Sprint3.Task3.V16.Lib\Tyuiu.DevjatkovaAA.Sprint3.Task3.V16.Lib.csproj", "{EB990AC5-4FBC-4933-A679-A6EA301CF554}"
EndProject
Project("{FAE04EC0-301F-11D3-BF4B-00C04F79EFBC}") = "Tyuiu.DevjatkovaAA.Sprint3.Task3.V16.Test", "Tyuiu.DevjatkovaAA.Sprint3.Task3.V16.Test\Tyuiu.DevjatkovaAA.Sprint3.Task3.V16.Test.csproj", "{28F994FC-C706-4F56-A49C-782D5FDC4DB8}"
EndProject
Project("{2150E333-8FDC-42A3-9474-1A3956D46DE8}") = "Task0", "Task0", "{14B78080-CB73-4C6B-A670-BD1BFE099104}"
EndProject
Project("{FAE04EC0-301F-11D3-BF4B-00C04F79EFBC}") = "Tyuiu.DevjatkovaAA.Sprint3.Task0.V1", "Tyuiu.DevjatkovaAA.Sprint3.Task0.V1\Tyuiu.DevjatkovaAA.Sprint3.Task0.V1.csproj", "{F9A5017F-5AB5-4ABD-A5D7-B83AD88777DC}"
EndProject
Project("{FAE04EC0-301F-11D3-BF4B-00C04F79EFBC}") = "Tyuiu.DevjatkovaAA.Sprint3.Task0.V1.Lib", "Tyuiu.DevjatkovaAA.Sprint3.Task0.V1.Lib\Tyuiu.DevjatkovaAA.Sprint3.Task0.V1.Lib.csproj", "{EA714D82-4165-433D-B895-86CE2B67F652}"
EndProject
Project("{FAE04EC0-301F-11D3-BF4B-00C04F79EFBC}") = "Tyuiu.DevjatkovaAA.Sprint3.Task0.V1.Test", "Tyuiu.DevjatkovaAA.Sprint3.Task0.V1.Test\Tyuiu.DevjatkovaAA.Sprint3.Task0.V1.Test.csproj", "{DD1AF157-77D1-452D-A678-2296DD3B11FF}"
EndProject
Global
	GlobalSection(SolutionConfigurationPlatforms) = preSolution
		Debug|Any CPU = Debug|Any CPU
		Release|Any CPU = Release|Any CPU
	EndGlobalSection
	GlobalSection(ProjectConfigurationPlatforms) = postSolution
		{1170CDBD-A113-4D44-B408-D440C0D23746}.Debug|Any CPU.ActiveCfg = Debug|Any CPU
		{1170CDBD-A113-4D44-B408-D440C0D23746}.Debug|Any CPU.Build.0 = Debug|Any CPU
		{1170CDBD-A113-4D44-B408-D440C0D23746}.Release|Any CPU.ActiveCfg = Release|Any CPU
		{1170CDBD-A113-4D44-B408-D440C0D23746}.Release|Any CPU.Build.0 = Release|Any CPU
		{8652F067-060F-4971-AB43-702FCF005A2D}.Debug|Any CPU.ActiveCfg = Debug|Any CPU
		{8652F067-060F-4971-AB43-702FCF005A2D}.Debug|Any CPU.Build.0 = Debug|Any CPU
		{8652F067-060F-4971-AB43-702FCF005A2D}.Release|Any CPU.ActiveCfg = Release|Any CPU
		{8652F067-060F-4971-AB43-702FCF005A2D}.Release|Any CPU.Build.0 = Release|Any CPU
		{00852EA1-0628-424D-BD3B-9708677AF12A}.Debug|Any CPU.ActiveCfg = Debug|Any CPU
		{00852EA1-0628-424D-BD3B-9708677AF12A}.Debug|Any CPU.Build.0 = Debug|Any CPU
		{00852EA1-0628-424D-BD3B-9708677AF12A}.Release|Any CPU.ActiveCfg = Release|Any CPU
		{00852EA1-0628-424D-BD3B-9708677AF12A}.Release|Any CPU.Build.0 = Release|Any CPU
		{5BB2FF83-1771-408D-A086-27DABC47ED02}.Debug|Any CPU.ActiveCfg = Debug|Any CPU
		{5BB2FF83-1771-408D-A086-27DABC47ED02}.Debug|Any CPU.Build.0 = Debug|Any CPU
		{5BB2FF83-1771-408D-A086-27DABC47ED02}.Release|Any CPU.ActiveCfg = Release|Any CPU
		{5BB2FF83-1771-408D-A086-27DABC47ED02}.Release|Any CPU.Build.0 = Release|Any CPU
		{81690901-5E08-476E-9014-5E7FAFDC8C32}.Debug|Any CPU.ActiveCfg = Debug|Any CPU
		{81690901-5E08-476E-9014-5E7FAFDC8C32}.Debug|Any CPU.Build.0 = Debug|Any CPU
		{81690901-5E08-476E-9014-5E7FAFDC8C32}.Release|Any CPU.ActiveCfg = Release|Any CPU
		{81690901-5E08-476E-9014-5E7FAFDC8C32}.Release|Any CPU.Build.0 = Release|Any CPU
		{FF1FCAB4-A147-4453-B37C-0581A9D2F475}.Debug|Any CPU.ActiveCfg = Debug|Any CPU
		{FF1FCAB4-A147-4453-B37C-0581A9D2F475}.Debug|Any CPU.Build.0 = Debug|Any CPU
		{FF1FCAB4-A147-4453-B37C-0581A9D2F475}.Release|Any CPU.ActiveCfg = Release|Any CPU
		{FF1FCAB4-A147-4453-B37C-0581A9D2F475}.Release|Any CPU.Build.0 = Release|Any CPU
		{15BF78C7-ED25-4284-90AB-4BDF5CB096B3}.Debug|Any CPU.ActiveCfg = Debug|Any CPU
		{15BF78C7-ED25-4284-90AB-4BDF5CB096B3}.Debug|Any CPU.Build.0 = Debug|Any CPU
		{15BF78C7-ED25-4284-90AB-4BDF5CB096B3}.Release|Any CPU.ActiveCfg = Release|Any CPU
		{15BF78C7-ED25-4284-90AB-4BDF5CB096B3}.Release|Any CPU.Build.0 = Release|Any CPU
		{EB990AC5-4FBC-4933-A679-A6EA301CF554}.Debug|Any CPU.ActiveCfg = Debug|Any CPU
		{EB990AC5-4FBC-4933-A679-A6EA301CF554}.Debug|Any CPU.Build.0 = Debug|Any CPU
		{EB990AC5-4FBC-4933-A679-A6EA301CF554}.Release|Any CPU.ActiveCfg = Release|Any CPU
		{EB990AC5-4FBC-4933-A679-A6EA301CF554}.Release|Any CPU.Build.0 = Release|Any CPU
		{28F994FC-C706-4F56-A49C-782D5FDC4DB8}.Debug|Any CPU.ActiveCfg = Debug|Any CPU
		{28F994FC-C706-4F56-A49C-782D5FDC4DB8}.Debug|Any CPU.Build.0 = Debug|Any CPU
		{28F994FC-C706-4F56-A49C-782D5FDC4DB8}.Release|Any CPU.ActiveCfg = Release|Any CPU
		{28F994FC-C706-4F56-A49C-782D5FDC4DB8}.Release|Any CPU.Build.0 = Release|Any CPU
		{F9A5017F-5AB5-4ABD-A5D7-B83AD88777DC}.Debug|Any CPU.ActiveCfg = Debug|Any CPU
		{F9A5017F-5AB5-4ABD-A5D7-B83AD88777DC}.Debug|Any CPU.Build.0 = Debug|Any CPU
		{F9A5017F-5AB5-4ABD-A5D7-B83AD88777DC}.Release|Any CPU.ActiveCfg = Release|Any CPU
		{F9A5017F-5AB5-4ABD-A5D7-B83AD88777DC}.Release|Any CPU.Build.0 = Release|Any CPU
		{EA714D82-4165-433D-B895-86CE2B67F652}.Debug|Any CPU.ActiveCfg = Debug|Any CPU
		{EA714D82-4165-433D-B895-86CE2B67F652}.Debug|Any CPU.Build.0 = Debug|Any CPU
		{EA714D82-4165-433D-B895-86CE2B67F652}.Release|Any CPU.ActiveCfg = Release|Any CPU
		{EA714D82-4165-433D-B895-86CE2B67F652}.Release|Any CPU.Build.0 = Release|Any CPU
		{DD1AF157-77D1-452D-A678-2296DD3B11FF}.Debug|Any CPU.ActiveCfg = Debug|Any CPU
		{DD1AF157-77D1-452D-A678-2296DD3B11FF}.Debug|Any CPU.Build.0 = Debug|Any CPU
		{DD1AF157-77D1-452D-A678-2296DD3B11FF}.Release|Any CPU.ActiveCfg = Release|Any CPU
		{DD1AF157-77D1-452D-A678-2296DD3B11FF}.Release|Any CPU.Build.0 = Release|Any CPU
	EndGlobalSection
	GlobalSection(SolutionProperties) = preSolution
		HideSolutionNode = FALSE
	EndGlobalSection
	GlobalSection(NestedProjects) = preSolution
		{1170CDBD-A113-4D44-B408-D440C0D23746} = {C081991F-4EAD-41BE-9665-6F52B538738C}
		{8652F067-060F-4971-AB43-702FCF005A2D} = {C081991F-4EAD-41BE-9665-6F52B538738C}
		{00852EA1-0628-424D-BD3B-9708677AF12A} = {C081991F-4EAD-41BE-9665-6F52B538738C}
		{5BB2FF83-1771-408D-A086-27DABC47ED02} = {B5A2CD6E-DB57-480E-B7CC-6328D98FC3D8}
		{81690901-5E08-476E-9014-5E7FAFDC8C32} = {B5A2CD6E-DB57-480E-B7CC-6328D98FC3D8}
		{FF1FCAB4-A147-4453-B37C-0581A9D2F475} = {B5A2CD6E-DB57-480E-B7CC-6328D98FC3D8}
		{15BF78C7-ED25-4284-90AB-4BDF5CB096B3} = {FE9C25D3-5883-45C0-92A8-D6BC0667BF65}
		{EB990AC5-4FBC-4933-A679-A6EA301CF554} = {FE9C25D3-5883-45C0-92A8-D6BC0667BF65}
		{28F994FC-C706-4F56-A49C-782D5FDC4DB8} = {FE9C25D3-5883-45C0-92A8-D6BC0667BF65}
		{F9A5017F-5AB5-4ABD-A5D7-B83AD88777DC} = {14B78080-CB73-4C6B-A670-BD1BFE099104}
		{EA714D82-4165-433D-B895-86CE2B67F652} = {14B78080-CB73-4C6B-A670-BD1BFE099104}
		{DD1AF157-77D1-452D-A678-2296DD3B11FF} = {14B78080-CB73-4C6B-A670-BD1BFE099104}
	EndGlobalSection
	GlobalSection(ExtensibilityGlobals) = postSolution
		SolutionGuid = {88286AD4-575B-4732-9D0A-3707AF2B9C47}
	EndGlobalSection
EndGlobal
